// !$*UTF8*$!
{
	archiveVersion = 1;
	classes = {
	};
	objectVersion = 50;
	objects = {

/* Begin PBXBuildFile section */
		FFD24E5824142A2E00200472 /* AppDelegate.swift in Sources */ = {isa = PBXBuildFile; fileRef = FFD24E5724142A2E00200472 /* AppDelegate.swift */; };
		FFD24E5A24142A2E00200472 /* SceneDelegate.swift in Sources */ = {isa = PBXBuildFile; fileRef = FFD24E5924142A2E00200472 /* SceneDelegate.swift */; };
		FFD24E5C24142A2E00200472 /* ViewController.swift in Sources */ = {isa = PBXBuildFile; fileRef = FFD24E5B24142A2E00200472 /* ViewController.swift */; };
		FFD24E5F24142A2E00200472 /* Main.storyboard in Resources */ = {isa = PBXBuildFile; fileRef = FFD24E5D24142A2E00200472 /* Main.storyboard */; };
		FFD24E6124142A2F00200472 /* Assets.xcassets in Resources */ = {isa = PBXBuildFile; fileRef = FFD24E6024142A2F00200472 /* Assets.xcassets */; };
		FFD24E6424142A2F00200472 /* LaunchScreen.storyboard in Resources */ = {isa = PBXBuildFile; fileRef = FFD24E6224142A2F00200472 /* LaunchScreen.storyboard */; };
		FFD24E6C241431F000200472 /* Locations.swift in Sources */ = {isa = PBXBuildFile; fileRef = FFD24E6B241431F000200472 /* Locations.swift */; };
/* End PBXBuildFile section */

/* Begin PBXFileReference section */
		FFD24E5424142A2E00200472 /* Pins to a MAP (MapKit).app */ = {isa = PBXFileReference; explicitFileType = wrapper.application; includeInIndex = 0; path = "Pins to a MAP (MapKit).app"; sourceTree = BUILT_PRODUCTS_DIR; };
		FFD24E5724142A2E00200472 /* AppDelegate.swift */ = {isa = PBXFileReference; lastKnownFileType = sourcecode.swift; path = AppDelegate.swift; sourceTree = "<group>"; };
		FFD24E5924142A2E00200472 /* SceneDelegate.swift */ = {isa = PBXFileReference; lastKnownFileType = sourcecode.swift; path = SceneDelegate.swift; sourceTree = "<group>"; };
		FFD24E5B24142A2E00200472 /* ViewController.swift */ = {isa = PBXFileReference; lastKnownFileType = sourcecode.swift; path = ViewController.swift; sourceTree = "<group>"; };
		FFD24E5E24142A2E00200472 /* Base */ = {isa = PBXFileReference; lastKnownFileType = file.storyboard; name = Base; path = Base.lproj/Main.storyboard; sourceTree = "<group>"; };
		FFD24E6024142A2F00200472 /* Assets.xcassets */ = {isa = PBXFileReference; lastKnownFileType = folder.assetcatalog; path = Assets.xcassets; sourceTree = "<group>"; };
		FFD24E6324142A2F00200472 /* Base */ = {isa = PBXFileReference; lastKnownFileType = file.storyboard; name = Base; path = Base.lproj/LaunchScreen.storyboard; sourceTree = "<group>"; };
		FFD24E6524142A2F00200472 /* Info.plist */ = {isa = PBXFileReference; lastKnownFileType = text.plist.xml; path = Info.plist; sourceTree = "<group>"; };
		FFD24E6B241431F000200472 /* Locations.swift */ = {isa = PBXFileReference; lastKnownFileType = sourcecode.swift; path = Locations.swift; sourceTree = "<group>"; };
/* End PBXFileReference section */

/* Begin PBXFrameworksBuildPhase section */
		FFD24E5124142A2E00200472 /* Frameworks */ = {
			isa = PBXFrameworksBuildPhase;
			buildActionMask = 2147483647;
			files = (
			);
			runOnlyForDeploymentPostprocessing = 0;
		};
/* End PBXFrameworksBuildPhase section */

/* Begin PBXGroup section */
		FFD24E4B24142A2E00200472 = {
			isa = PBXGroup;
			children = (
				FFD24E5624142A2E00200472 /* Pins to a MAP (MapKit) */,
				FFD24E5524142A2E00200472 /* Products */,
			);
			sourceTree = "<group>";
		};
		FFD24E5524142A2E00200472 /* Products */ = {
			isa = PBXGroup;
			children = (
				FFD24E5424142A2E00200472 /* Pins to a MAP (MapKit).app */,
			);
			name = Products;
			sourceTree = "<group>";
		};
		FFD24E5624142A2E00200472 /* Pins to a MAP (MapKit) */ = {
			isa = PBXGroup;
			children = (
				FFD24E5724142A2E00200472 /* AppDelegate.swift */,
				FFD24E5924142A2E00200472 /* SceneDelegate.swift */,
				FFD24E5B24142A2E00200472 /* ViewController.swift */,
				FFD24E6B241431F000200472 /* Locations.swift */,
				FFD24E5D24142A2E00200472 /* Main.storyboard */,
				FFD24E6024142A2F00200472 /* Assets.xcassets */,
				FFD24E6224142A2F00200472 /* LaunchScreen.storyboard */,
				FFD24E6524142A2F00200472 /* Info.plist */,
			);
			path = "Pins to a MAP (MapKit)";
			sourceTree = "<group>";
		};
/* End PBXGroup section */

/* Begin PBXNativeTarget section */
		FFD24E5324142A2E00200472 /* Pins to a MAP (MapKit) */ = {
			isa = PBXNativeTarget;
			buildConfigurationList = FFD24E6824142A2F00200472 /* Build configuration list for PBXNativeTarget "Pins to a MAP (MapKit)" */;
			buildPhases = (
				FFD24E5024142A2E00200472 /* Sources */,
				FFD24E5124142A2E00200472 /* Frameworks */,
				FFD24E5224142A2E00200472 /* Resources */,
			);
			buildRules = (
			);
			dependencies = (
			);
			name = "Pins to a MAP (MapKit)";
			productName = "Pins to a MAP (MapKit)";
			productReference = FFD24E5424142A2E00200472 /* Pins to a MAP (MapKit).app */;
			productType = "com.apple.product-type.application";
		};
/* End PBXNativeTarget section */

/* Begin PBXProject section */
		FFD24E4C24142A2E00200472 /* Project object */ = {
			isa = PBXProject;
			attributes = {
				LastSwiftUpdateCheck = 1130;
				LastUpgradeCheck = 1130;
				ORGANIZATIONNAME = "Fahim Rahman";
				TargetAttributes = {
					FFD24E5324142A2E00200472 = {
						CreatedOnToolsVersion = 11.3.1;
					};
				};
			};
			buildConfigurationList = FFD24E4F24142A2E00200472 /* Build configuration list for PBXProject "Pins to a MAP (MapKit)" */;
			compatibilityVersion = "Xcode 9.3";
			developmentRegion = en;
			hasScannedForEncodings = 0;
			knownRegions = (
				en,
				Base,
			);
			mainGroup = FFD24E4B24142A2E00200472;
			productRefGroup = FFD24E5524142A2E00200472 /* Products */;
			projectDirPath = "";
			projectRoot = "";
			targets = (
				FFD24E5324142A2E00200472 /* Pins to a MAP (MapKit) */,
			);
		};
/* End PBXProject section */

/* Begin PBXResourcesBuildPhase section */
		FFD24E5224142A2E00200472 /* Resources */ = {
			isa = PBXResourcesBuildPhase;
			buildActionMask = 2147483647;
			files = (
				FFD24E6424142A2F00200472 /* LaunchScreen.storyboard in Resources */,
				FFD24E6124142A2F00200472 /* Assets.xcassets in Resources */,
				FFD24E5F24142A2E00200472 /* Main.storyboard in Resources */,
			);
			runOnlyForDeploymentPostprocessing = 0;
		};
/* End PBXResourcesBuildPhase section */

/* Begin PBXSourcesBuildPhase section */
		FFD24E5024142A2E00200472 /* Sources */ = {
			isa = PBXSourcesBuildPhase;
			buildActionMask = 2147483647;
			files = (
				FFD24E5C24142A2E00200472 /* ViewController.swift in Sources */,
				FFD24E5824142A2E00200472 /* AppDelegate.swift in Sources */,
				FFD24E6C241431F000200472 /* Locations.swift in Sources */,
				FFD24E5A24142A2E00200472 /* SceneDelegate.swift in Sources */,
			);
			runOnlyForDeploymentPostprocessing = 0;
		};
/* End PBXSourcesBuildPhase section */

/* Begin PBXVariantGroup section */
		FFD24E5D24142A2E00200472 /* Main.storyboard */ = {
			isa = PBXVariantGroup;
			children = (
				FFD24E5E24142A2E00200472 /* Base */,
			);
			name = Main.storyboard;
			sourceTree = "<group>";
		};
		FFD24E6224142A2F00200472 /* LaunchScreen.storyboard */ = {
			isa = PBXVariantGroup;
			children = (
				FFD24E6324142A2F00200472 /* Base */,
			);
			name = LaunchScreen.storyboard;
			sourceTree = "<group>";
		};
/* End PBXVariantGroup section */

/* Begin XCBuildConfiguration section */
		FFD24E6624142A2F00200472 /* Debug */ = {
			isa = XCBuildConfiguration;
			buildSettings = {
				ALWAYS_SEARCH_USER_PATHS = NO;
				CLANG_ANALYZER_NONNULL = YES;
				CLANG_ANALYZER_NUMBER_OBJECT_CONVERSION = YES_AGGRESSIVE;
				CLANG_CXX_LANGUAGE_STANDARD = "gnu++14";
				CLANG_CXX_LIBRARY = "libc++";
				CLANG_ENABLE_MODULES = YES;
				CLANG_ENABLE_OBJC_ARC = YES;
				CLANG_ENABLE_OBJC_WEAK = YES;
				CLANG_WARN_BLOCK_CAPTURE_AUTORELEASING = YES;
				CLANG_WARN_BOOL_CONVERSION = YES;
				CLANG_WARN_COMMA = YES;
				CLANG_WARN_CONSTANT_CONVERSION = YES;
				CLANG_WARN_DEPRECATED_OBJC_IMPLEMENTATIONS = YES;
				CLANG_WARN_DIRECT_OBJC_ISA_USAGE = YES_ERROR;
				CLANG_WARN_DOCUMENTATION_COMMENTS = YES;
				CLANG_WARN_EMPTY_BODY = YES;
				CLANG_WARN_ENUM_CONVERSION = YES;
				CLANG_WARN_INFINITE_RECURSION = YES;
				CLANG_WARN_INT_CONVERSION = YES;
				CLANG_WARN_NON_LITERAL_NULL_CONVERSION = YES;
				CLANG_WARN_OBJC_IMPLICIT_RETAIN_SELF = YES;
				CLANG_WARN_OBJC_LITERAL_CONVERSION = YES;
				CLANG_WARN_OBJC_ROOT_CLASS = YES_ERROR;
				CLANG_WARN_RANGE_LOOP_ANALYSIS = YES;
				CLANG_WARN_STRICT_PROTOTYPES = YES;
				CLANG_WARN_SUSPICIOUS_MOVE = YES;
				CLANG_WARN_UNGUARDED_AVAILABILITY = YES_AGGRESSIVE;
				CLANG_WARN_UNREACHABLE_CODE = YES;
				CLANG_WARN__DUPLICATE_METHOD_MATCH = YES;
				COPY_PHASE_STRIP = NO;
				DEBUG_INFORMATION_FORMAT = dwarf;
				ENABLE_STRICT_OBJC_MSGSEND = YES;
				ENABLE_TESTABILITY = YES;
				GCC_C_LANGUAGE_STANDARD = gnu11;
				GCC_DYNAMIC_NO_PIC = NO;
				GCC_NO_COMMON_BLOCKS = YES;
				GCC_OPTIMIZATION_LEVEL = 0;
				GCC_PREPROCESSOR_DEFINITIONS = (
					"DEBUG=1",
					"$(inherited)",
				);
				GCC_WARN_64_TO_32_BIT_CONVERSION = YES;
				GCC_WARN_ABOUT_RETURN_TYPE = YES_ERROR;
				GCC_WARN_UNDECLARED_SELECTOR = YES;
				GCC_WARN_UNINITIALIZED_AUTOS = YES_AGGRESSIVE;
				GCC_WARN_UNUSED_FUNCTION = YES;
				GCC_WARN_UNUSED_VARIABLE = YES;
				IPHONEOS_DEPLOYMENT_TARGET = 13.2;
				MTL_ENABLE_DEBUG_INFO = INCLUDE_SOURCE;
				MTL_FAST_MATH = YES;
				ONLY_ACTIVE_ARCH = YES;
				SDKROOT = iphoneos;
				SWIFT_ACTIVE_COMPILATION_CONDITIONS = DEBUG;
				SWIFT_OPTIMIZATION_LEVEL = "-Onone";
			};
			name = Debug;
		};
		FFD24E6724142A2F00200472 /* Release */ = {
			isa = XCBuildConfiguration;
			buildSettings = {
				ALWAYS_SEARCH_USER_PATHS = NO;
				CLANG_ANALYZER_NONNULL = YES;
				CLANG_ANALYZER_NUMBER_OBJECT_CONVERSION = YES_AGGRESSIVE;
				CLANG_CXX_LANGUAGE_STANDARD = "gnu++14";
				CLANG_CXX_LIBRARY = "libc++";
				CLANG_ENABLE_MODULES = YES;
				CLANG_ENABLE_OBJC_ARC = YES;
				CLANG_ENABLE_OBJC_WEAK = YES;
				CLANG_WARN_BLOCK_CAPTURE_AUTORELEASING = YES;
				CLANG_WARN_BOOL_CONVERSION = YES;
				CLANG_WARN_COMMA = YES;
				CLANG_WARN_CONSTANT_CONVERSION = YES;
				CLANG_WARN_DEPRECATED_OBJC_IMPLEMENTATIONS = YES;
				CLANG_WARN_DIRECT_OBJC_ISA_USAGE = YES_ERROR;
				CLANG_WARN_DOCUMENTATION_COMMENTS = YES;
				CLANG_WARN_EMPTY_BODY = YES;
				CLANG_WARN_ENUM_CONVERSION = YES;
				CLANG_WARN_INFINITE_RECURSION = YES;
				CLANG_WARN_INT_CONVERSION = YES;
				CLANG_WARN_NON_LITERAL_NULL_CONVERSION = YES;
				CLANG_WARN_OBJC_IMPLICIT_RETAIN_SELF = YES;
				CLANG_WARN_OBJC_LITERAL_CONVERSION = YES;
				CLANG_WARN_OBJC_ROOT_CLASS = YES_ERROR;
				CLANG_WARN_RANGE_LOOP_ANALYSIS = YES;
				CLANG_WARN_STRICT_PROTOTYPES = YES;
				CLANG_WARN_SUSPICIOUS_MOVE = YES;
				CLANG_WARN_UNGUARDED_AVAILABILITY = YES_AGGRESSIVE;
				CLANG_WARN_UNREACHABLE_CODE = YES;
				CLANG_WARN__DUPLICATE_METHOD_MATCH = YES;
				COPY_PHASE_STRIP = NO;
				DEBUG_INFORMATION_FORMAT = "dwarf-with-dsym";
				ENABLE_NS_ASSERTIONS = NO;
				ENABLE_STRICT_OBJC_MSGSEND = YES;
				GCC_C_LANGUAGE_STANDARD = gnu11;
				GCC_NO_COMMON_BLOCKS = YES;
				GCC_WARN_64_TO_32_BIT_CONVERSION = YES;
				GCC_WARN_ABOUT_RETURN_TYPE = YES_ERROR;
				GCC_WARN_UNDECLARED_SELECTOR = YES;
				GCC_WARN_UNINITIALIZED_AUTOS = YES_AGGRESSIVE;
				GCC_WARN_UNUSED_FUNCTION = YES;
				GCC_WARN_UNUSED_VARIABLE = YES;
				IPHONEOS_DEPLOYMENT_TARGET = 13.2;
				MTL_ENABLE_DEBUG_INFO = NO;
				MTL_FAST_MATH = YES;
				SDKROOT = iphoneos;
				SWIFT_COMPILATION_MODE = wholemodule;
				SWIFT_OPTIMIZATION_LEVEL = "-O";
				VALIDATE_PRODUCT = YES;
			};
			name = Release;
		};
		FFD24E6924142A2F00200472 /* Debug */ = {
			isa = XCBuildConfiguration;
			buildSettings = {
				ASSETCATALOG_COMPILER_APPICON_NAME = AppIcon;
				CODE_SIGN_STYLE = Automatic;
				DEVELOPMENT_TEAM = 4JWUSF25X2;
				INFOPLIST_FILE = "Pins to a MAP (MapKit)/Info.plist";
				LD_RUNPATH_SEARCH_PATHS = (
					"$(inherited)",
					"@executable_path/Frameworks",
				);
				PRODUCT_BUNDLE_IDENTIFIER = "com.fahimrahman.Pins-to-a-MAP--MapKit-";
				PRODUCT_NAME = "$(TARGET_NAME)";
				SWIFT_VERSION = 5.0;
				TARGETED_DEVICE_FAMILY = "1,2";
			};
			name = Debug;
		};
		FFD24E6A24142A2F00200472 /* Release */ = {
			isa = XCBuildConfiguration;
			buildSettings = {
				ASSETCATALOG_COMPILER_APPICON_NAME = AppIcon;
				CODE_SIGN_STYLE = Automatic;
				DEVELOPMENT_TEAM = 4JWUSF25X2;
				INFOPLIST_FILE = "Pins to a MAP (MapKit)/Info.plist";
				LD_RUNPATH_SEARCH_PATHS = (
					"$(inherited)",
					"@executable_path/Frameworks",
				);
				PRODUCT_BUNDLE_IDENTIFIER = "com.fahimrahman.Pins-to-a-MAP--MapKit-";
				PRODUCT_NAME = "$(TARGET_NAME)";
				SWIFT_VERSION = 5.0;
				TARGETED_DEVICE_FAMILY = "1,2";
			};
			name = Release;
		};
/* End XCBuildConfiguration section */

/* Begin XCConfigurationList section */
		FFD24E4F24142A2E00200472 /* Build configuration list for PBXProject "Pins to a MAP (MapKit)" */ = {
			isa = XCConfigurationList;
			buildConfigurations = (
				FFD24E6624142A2F00200472 /* Debug */,
				FFD24E6724142A2F00200472 /* Release */,
			);
			defaultConfigurationIsVisible = 0;
			defaultConfigurationName = Release;
		};
		FFD24E6824142A2F00200472 /* Build configuration list for PBXNativeTarget "Pins to a MAP (MapKit)" */ = {
			isa = XCConfigurationList;
			buildConfigurations = (
				FFD24E6924142A2F00200472 /* Debug */,
				FFD24E6A24142A2F00200472 /* Release */,
			);
			defaultConfigurationIsVisible = 0;
			defaultConfigurationName = Release;
		};
/* End XCConfigurationList section */
	};
	rootObject = FFD24E4C24142A2E00200472 /* Project object */;
}
